
Microsoft Visual Studio Solution File, Format Version 12.00
# Visual Studio Version 16
VisualStudioVersion = 16.0.31702.278
MinimumVisualStudioVersion = 10.0.40219.1
Project("{FAE04EC0-301F-11D3-BF4B-00C04F79EFBC}") = "Prototype HW", "Prototype HW\Prototype HW.csproj", "{77C2001B-1792-4EE5-ADDE-E832BCE999FD}"
EndProject
Global
	GlobalSection(SolutionConfigurationPlatforms) = preSolution
		Debug|Any CPU = Debug|Any CPU
		Release|Any CPU = Release|Any CPU
	EndGlobalSection
	GlobalSection(ProjectConfigurationPlatforms) = postSolution
		{77C2001B-1792-4EE5-ADDE-E832BCE999FD}.Debug|Any CPU.ActiveCfg = Debug|Any CPU
		{77C2001B-1792-4EE5-ADDE-E832BCE999FD}.Debug|Any CPU.Build.0 = Debug|Any CPU
		{77C2001B-1792-4EE5-ADDE-E832BCE999FD}.Release|Any CPU.ActiveCfg = Release|Any CPU
		{77C2001B-1792-4EE5-ADDE-E832BCE999FD}.Release|Any CPU.Build.0 = Release|Any CPU
	EndGlobalSection
	GlobalSection(SolutionProperties) = preSolution
		HideSolutionNode = FALSE
	EndGlobalSection
	GlobalSection(ExtensibilityGlobals) = postSolution
		SolutionGuid = {37267B03-9DC4-4579-8610-64AB52996512}
	EndGlobalSection
EndGlobal
